
Microsoft Visual Studio Solution File, Format Version 11.00
# Visual Studio 2010
Project("{FAE04EC0-301F-11D3-BF4B-00C04F79EFBC}") = "Assign2Q2", "Assign2Q2\Assign2Q2.csproj", "{383EA36A-4497-484D-8B09-9E573003C2AE}"
EndProject
Global
	GlobalSection(SolutionConfigurationPlatforms) = preSolution
		Debug|x86 = Debug|x86
		Release|x86 = Release|x86
	EndGlobalSection
	GlobalSection(ProjectConfigurationPlatforms) = postSolution
		{383EA36A-4497-484D-8B09-9E573003C2AE}.Debug|x86.ActiveCfg = Debug|x86
		{383EA36A-4497-484D-8B09-9E573003C2AE}.Debug|x86.Build.0 = Debug|x86
		{383EA36A-4497-484D-8B09-9E573003C2AE}.Release|x86.ActiveCfg = Release|x86
		{383EA36A-4497-484D-8B09-9E573003C2AE}.Release|x86.Build.0 = Release|x86
	EndGlobalSection
	GlobalSection(SolutionProperties) = preSolution
		HideSolutionNode = FALSE
	EndGlobalSection
EndGlobal
